
Microsoft Visual Studio Solution File, Format Version 12.00
# Visual Studio Version 17
VisualStudioVersion = 17.4.33110.190
MinimumVisualStudioVersion = 10.0.40219.1
Project("{FAE04EC0-301F-11D3-BF4B-00C04F79EFBC}") = "Successful Pairs of Spells and Potions", "Successful Pairs of Spells and Potions\Successful Pairs of Spells and Potions.csproj", "{86C0D4FD-DEAA-45BF-94B8-DF4EFEA6681B}"
EndProject
Global
	GlobalSection(SolutionConfigurationPlatforms) = preSolution
		Debug|Any CPU = Debug|Any CPU
		Release|Any CPU = Release|Any CPU
	EndGlobalSection
	GlobalSection(ProjectConfigurationPlatforms) = postSolution
		{86C0D4FD-DEAA-45BF-94B8-DF4EFEA6681B}.Debug|Any CPU.ActiveCfg = Debug|Any CPU
		{86C0D4FD-DEAA-45BF-94B8-DF4EFEA6681B}.Debug|Any CPU.Build.0 = Debug|Any CPU
		{86C0D4FD-DEAA-45BF-94B8-DF4EFEA6681B}.Release|Any CPU.ActiveCfg = Release|Any CPU
		{86C0D4FD-DEAA-45BF-94B8-DF4EFEA6681B}.Release|Any CPU.Build.0 = Release|Any CPU
	EndGlobalSection
	GlobalSection(SolutionProperties) = preSolution
		HideSolutionNode = FALSE
	EndGlobalSection
	GlobalSection(ExtensibilityGlobals) = postSolution
		SolutionGuid = {00D7DE75-E577-4B4E-AD11-A0D6272E019B}
	EndGlobalSection
EndGlobal
